
Microsoft Visual Studio Solution File, Format Version 12.00
# Visual Studio 2012
Project("{FAE04EC0-301F-11D3-BF4B-00C04F79EFBC}") = "01AdvSite", "AdvSite\01AdvSite.csproj", "{1FED72B7-3DD3-42D1-BBBE-A96A568F9D8C}"
EndProject
Project("{FAE04EC0-301F-11D3-BF4B-00C04F79EFBC}") = "02过滤器", "过滤器\02过滤器.csproj", "{2A5D71F0-6B1B-4014-BB73-36B95351CBB9}"
EndProject
Project("{FAE04EC0-301F-11D3-BF4B-00C04F79EFBC}") = "03利用过滤器实现url重写", "03利用过滤器实现url重写\03利用过滤器实现url重写.csproj", "{C899C619-D206-466F-9BA6-41A824F9E22E}"
EndProject
Project("{FAE04EC0-301F-11D3-BF4B-00C04F79EFBC}") = "04进程外session", "进程外session\04进程外session.csproj", "{5930E5D4-AAF0-4BBC-A1A9-BC9046F44439}"
EndProject
Project("{FAE04EC0-301F-11D3-BF4B-00C04F79EFBC}") = "05缓存", "缓存\05缓存.csproj", "{E1EFE947-4001-46AB-941C-C640A5C1CAF4}"
EndProject
Project("{2150E333-8FDC-42A3-9474-1A3956D46DE8}") = "06简单工厂模式", "06简单工厂模式", "{86F21A9B-75C5-4D69-BD31-68C8CF984334}"
EndProject
Project("{FAE04EC0-301F-11D3-BF4B-00C04F79EFBC}") = "DAL", "DAL\DAL.csproj", "{0AE62538-25F1-4873-8BFC-524B3C481AFA}"
EndProject
Project("{FAE04EC0-301F-11D3-BF4B-00C04F79EFBC}") = "IDAL", "IDAL\IDAL.csproj", "{337A5CB0-682C-4F60-B325-E22084D984F7}"
EndProject
Project("{FAE04EC0-301F-11D3-BF4B-00C04F79EFBC}") = "Bll", "Bll\Bll.csproj", "{798F367C-5F33-488A-A626-920E192A56F6}"
EndProject
Project("{FAE04EC0-301F-11D3-BF4B-00C04F79EFBC}") = "Factory", "Factory\Factory.csproj", "{F99A0FA2-5FB3-4AE3-A9D5-E531C05DCED4}"
EndProject
Project("{FAE04EC0-301F-11D3-BF4B-00C04F79EFBC}") = "UI", "UI\UI.csproj", "{88E1A494-8D87-464D-9B26-466BB15441A6}"
EndProject
Project("{FAE04EC0-301F-11D3-BF4B-00C04F79EFBC}") = "DALOracle", "DALOracle\DALOracle.csproj", "{105612DE-AAD2-466B-8A19-251459D1E127}"
EndProject
Project("{2150E333-8FDC-42A3-9474-1A3956D46DE8}") = "07利用codesmith生成简单工厂框架", "07利用codesmith生成简单工厂框架", "{2C8A9613-3AC4-4AB7-A158-6CDF7DF5A11A}"
EndProject
Project("{FAE04EC0-301F-11D3-BF4B-00C04F79EFBC}") = "PB.Entity", "PB.Entity\PB.Entity.csproj", "{02B9703C-D70E-487C-86D3-ACF077BA73E8}"
EndProject
Project("{FAE04EC0-301F-11D3-BF4B-00C04F79EFBC}") = "PB.IDataAccessLayer", "PB.IDataAccessLayer\PB.IDataAccessLayer.csproj", "{5B456204-1E52-4FEB-AC54-1FF4342D7B29}"
EndProject
Project("{FAE04EC0-301F-11D3-BF4B-00C04F79EFBC}") = "PB.DataAccessLayerFactory", "PB.DataAccessLayerFactory\PB.DataAccessLayerFactory.csproj", "{6B44A034-A516-4F4A-8C51-B8E3A826339C}"
EndProject
Project("{FAE04EC0-301F-11D3-BF4B-00C04F79EFBC}") = "PB.DataAccessLayer", "PB.DataAccessLayer\PB.DataAccessLayer.csproj", "{E8707394-7AFA-404E-B138-2ED1ED0E8036}"
EndProject
Project("{FAE04EC0-301F-11D3-BF4B-00C04F79EFBC}") = "PB.BusinessLogicLayer", "PB.BusinessLogicLayer\PB.BusinessLogicLayer.csproj", "{A285721A-1966-4932-A3BE-F5609977ED3A}"
EndProject
Project("{FAE04EC0-301F-11D3-BF4B-00C04F79EFBC}") = "UI.Site", "UI.Site\UI.Site.csproj", "{C607526A-1F62-4423-935D-70E9540DA01D}"
EndProject
Project("{FAE04EC0-301F-11D3-BF4B-00C04F79EFBC}") = "08单例", "08单例\08单例.csproj", "{2CD7A815-B077-4A27-9996-B904F647464A}"
EndProject
Global
	GlobalSection(SolutionConfigurationPlatforms) = preSolution
		Debug|Any CPU = Debug|Any CPU
		Release|Any CPU = Release|Any CPU
	EndGlobalSection
	GlobalSection(ProjectConfigurationPlatforms) = postSolution
		{1FED72B7-3DD3-42D1-BBBE-A96A568F9D8C}.Debug|Any CPU.ActiveCfg = Debug|Any CPU
		{1FED72B7-3DD3-42D1-BBBE-A96A568F9D8C}.Debug|Any CPU.Build.0 = Debug|Any CPU
		{1FED72B7-3DD3-42D1-BBBE-A96A568F9D8C}.Release|Any CPU.ActiveCfg = Release|Any CPU
		{1FED72B7-3DD3-42D1-BBBE-A96A568F9D8C}.Release|Any CPU.Build.0 = Release|Any CPU
		{2A5D71F0-6B1B-4014-BB73-36B95351CBB9}.Debug|Any CPU.ActiveCfg = Debug|Any CPU
		{2A5D71F0-6B1B-4014-BB73-36B95351CBB9}.Debug|Any CPU.Build.0 = Debug|Any CPU
		{2A5D71F0-6B1B-4014-BB73-36B95351CBB9}.Release|Any CPU.ActiveCfg = Release|Any CPU
		{2A5D71F0-6B1B-4014-BB73-36B95351CBB9}.Release|Any CPU.Build.0 = Release|Any CPU
		{C899C619-D206-466F-9BA6-41A824F9E22E}.Debug|Any CPU.ActiveCfg = Debug|Any CPU
		{C899C619-D206-466F-9BA6-41A824F9E22E}.Debug|Any CPU.Build.0 = Debug|Any CPU
		{C899C619-D206-466F-9BA6-41A824F9E22E}.Release|Any CPU.ActiveCfg = Release|Any CPU
		{C899C619-D206-466F-9BA6-41A824F9E22E}.Release|Any CPU.Build.0 = Release|Any CPU
		{5930E5D4-AAF0-4BBC-A1A9-BC9046F44439}.Debug|Any CPU.ActiveCfg = Debug|Any CPU
		{5930E5D4-AAF0-4BBC-A1A9-BC9046F44439}.Debug|Any CPU.Build.0 = Debug|Any CPU
		{5930E5D4-AAF0-4BBC-A1A9-BC9046F44439}.Release|Any CPU.ActiveCfg = Release|Any CPU
		{5930E5D4-AAF0-4BBC-A1A9-BC9046F44439}.Release|Any CPU.Build.0 = Release|Any CPU
		{E1EFE947-4001-46AB-941C-C640A5C1CAF4}.Debug|Any CPU.ActiveCfg = Debug|Any CPU
		{E1EFE947-4001-46AB-941C-C640A5C1CAF4}.Debug|Any CPU.Build.0 = Debug|Any CPU
		{E1EFE947-4001-46AB-941C-C640A5C1CAF4}.Release|Any CPU.ActiveCfg = Release|Any CPU
		{E1EFE947-4001-46AB-941C-C640A5C1CAF4}.Release|Any CPU.Build.0 = Release|Any CPU
		{0AE62538-25F1-4873-8BFC-524B3C481AFA}.Debug|Any CPU.ActiveCfg = Debug|Any CPU
		{0AE62538-25F1-4873-8BFC-524B3C481AFA}.Debug|Any CPU.Build.0 = Debug|Any CPU
		{0AE62538-25F1-4873-8BFC-524B3C481AFA}.Release|Any CPU.ActiveCfg = Release|Any CPU
		{0AE62538-25F1-4873-8BFC-524B3C481AFA}.Release|Any CPU.Build.0 = Release|Any CPU
		{337A5CB0-682C-4F60-B325-E22084D984F7}.Debug|Any CPU.ActiveCfg = Debug|Any CPU
		{337A5CB0-682C-4F60-B325-E22084D984F7}.Debug|Any CPU.Build.0 = Debug|Any CPU
		{337A5CB0-682C-4F60-B325-E22084D984F7}.Release|Any CPU.ActiveCfg = Release|Any CPU
		{337A5CB0-682C-4F60-B325-E22084D984F7}.Release|Any CPU.Build.0 = Release|Any CPU
		{798F367C-5F33-488A-A626-920E192A56F6}.Debug|Any CPU.ActiveCfg = Debug|Any CPU
		{798F367C-5F33-488A-A626-920E192A56F6}.Debug|Any CPU.Build.0 = Debug|Any CPU
		{798F367C-5F33-488A-A626-920E192A56F6}.Release|Any CPU.ActiveCfg = Release|Any CPU
		{798F367C-5F33-488A-A626-920E192A56F6}.Release|Any CPU.Build.0 = Release|Any CPU
		{F99A0FA2-5FB3-4AE3-A9D5-E531C05DCED4}.Debug|Any CPU.ActiveCfg = Debug|Any CPU
		{F99A0FA2-5FB3-4AE3-A9D5-E531C05DCED4}.Debug|Any CPU.Build.0 = Debug|Any CPU
		{F99A0FA2-5FB3-4AE3-A9D5-E531C05DCED4}.Release|Any CPU.ActiveCfg = Release|Any CPU
		{F99A0FA2-5FB3-4AE3-A9D5-E531C05DCED4}.Release|Any CPU.Build.0 = Release|Any CPU
		{88E1A494-8D87-464D-9B26-466BB15441A6}.Debug|Any CPU.ActiveCfg = Debug|Any CPU
		{88E1A494-8D87-464D-9B26-466BB15441A6}.Debug|Any CPU.Build.0 = Debug|Any CPU
		{88E1A494-8D87-464D-9B26-466BB15441A6}.Release|Any CPU.ActiveCfg = Release|Any CPU
		{88E1A494-8D87-464D-9B26-466BB15441A6}.Release|Any CPU.Build.0 = Release|Any CPU
		{105612DE-AAD2-466B-8A19-251459D1E127}.Debug|Any CPU.ActiveCfg = Debug|Any CPU
		{105612DE-AAD2-466B-8A19-251459D1E127}.Debug|Any CPU.Build.0 = Debug|Any CPU
		{105612DE-AAD2-466B-8A19-251459D1E127}.Release|Any CPU.ActiveCfg = Release|Any CPU
		{105612DE-AAD2-466B-8A19-251459D1E127}.Release|Any CPU.Build.0 = Release|Any CPU
		{02B9703C-D70E-487C-86D3-ACF077BA73E8}.Debug|Any CPU.ActiveCfg = Debug|Any CPU
		{02B9703C-D70E-487C-86D3-ACF077BA73E8}.Debug|Any CPU.Build.0 = Debug|Any CPU
		{02B9703C-D70E-487C-86D3-ACF077BA73E8}.Release|Any CPU.ActiveCfg = Release|Any CPU
		{02B9703C-D70E-487C-86D3-ACF077BA73E8}.Release|Any CPU.Build.0 = Release|Any CPU
		{5B456204-1E52-4FEB-AC54-1FF4342D7B29}.Debug|Any CPU.ActiveCfg = Debug|Any CPU
		{5B456204-1E52-4FEB-AC54-1FF4342D7B29}.Debug|Any CPU.Build.0 = Debug|Any CPU
		{5B456204-1E52-4FEB-AC54-1FF4342D7B29}.Release|Any CPU.ActiveCfg = Release|Any CPU
		{5B456204-1E52-4FEB-AC54-1FF4342D7B29}.Release|Any CPU.Build.0 = Release|Any CPU
		{6B44A034-A516-4F4A-8C51-B8E3A826339C}.Debug|Any CPU.ActiveCfg = Debug|Any CPU
		{6B44A034-A516-4F4A-8C51-B8E3A826339C}.Debug|Any CPU.Build.0 = Debug|Any CPU
		{6B44A034-A516-4F4A-8C51-B8E3A826339C}.Release|Any CPU.ActiveCfg = Release|Any CPU
		{6B44A034-A516-4F4A-8C51-B8E3A826339C}.Release|Any CPU.Build.0 = Release|Any CPU
		{E8707394-7AFA-404E-B138-2ED1ED0E8036}.Debug|Any CPU.ActiveCfg = Debug|Any CPU
		{E8707394-7AFA-404E-B138-2ED1ED0E8036}.Debug|Any CPU.Build.0 = Debug|Any CPU
		{E8707394-7AFA-404E-B138-2ED1ED0E8036}.Release|Any CPU.ActiveCfg = Release|Any CPU
		{E8707394-7AFA-404E-B138-2ED1ED0E8036}.Release|Any CPU.Build.0 = Release|Any CPU
		{A285721A-1966-4932-A3BE-F5609977ED3A}.Debug|Any CPU.ActiveCfg = Debug|Any CPU
		{A285721A-1966-4932-A3BE-F5609977ED3A}.Debug|Any CPU.Build.0 = Debug|Any CPU
		{A285721A-1966-4932-A3BE-F5609977ED3A}.Release|Any CPU.ActiveCfg = Release|Any CPU
		{A285721A-1966-4932-A3BE-F5609977ED3A}.Release|Any CPU.Build.0 = Release|Any CPU
		{C607526A-1F62-4423-935D-70E9540DA01D}.Debug|Any CPU.ActiveCfg = Debug|Any CPU
		{C607526A-1F62-4423-935D-70E9540DA01D}.Debug|Any CPU.Build.0 = Debug|Any CPU
		{C607526A-1F62-4423-935D-70E9540DA01D}.Release|Any CPU.ActiveCfg = Release|Any CPU
		{C607526A-1F62-4423-935D-70E9540DA01D}.Release|Any CPU.Build.0 = Release|Any CPU
		{2CD7A815-B077-4A27-9996-B904F647464A}.Debug|Any CPU.ActiveCfg = Debug|Any CPU
		{2CD7A815-B077-4A27-9996-B904F647464A}.Debug|Any CPU.Build.0 = Debug|Any CPU
		{2CD7A815-B077-4A27-9996-B904F647464A}.Release|Any CPU.ActiveCfg = Release|Any CPU
		{2CD7A815-B077-4A27-9996-B904F647464A}.Release|Any CPU.Build.0 = Release|Any CPU
	EndGlobalSection
	GlobalSection(SolutionProperties) = preSolution
		HideSolutionNode = FALSE
	EndGlobalSection
	GlobalSection(NestedProjects) = preSolution
		{0AE62538-25F1-4873-8BFC-524B3C481AFA} = {86F21A9B-75C5-4D69-BD31-68C8CF984334}
		{337A5CB0-682C-4F60-B325-E22084D984F7} = {86F21A9B-75C5-4D69-BD31-68C8CF984334}
		{798F367C-5F33-488A-A626-920E192A56F6} = {86F21A9B-75C5-4D69-BD31-68C8CF984334}
		{F99A0FA2-5FB3-4AE3-A9D5-E531C05DCED4} = {86F21A9B-75C5-4D69-BD31-68C8CF984334}
		{88E1A494-8D87-464D-9B26-466BB15441A6} = {86F21A9B-75C5-4D69-BD31-68C8CF984334}
		{105612DE-AAD2-466B-8A19-251459D1E127} = {86F21A9B-75C5-4D69-BD31-68C8CF984334}
		{02B9703C-D70E-487C-86D3-ACF077BA73E8} = {2C8A9613-3AC4-4AB7-A158-6CDF7DF5A11A}
		{5B456204-1E52-4FEB-AC54-1FF4342D7B29} = {2C8A9613-3AC4-4AB7-A158-6CDF7DF5A11A}
		{6B44A034-A516-4F4A-8C51-B8E3A826339C} = {2C8A9613-3AC4-4AB7-A158-6CDF7DF5A11A}
		{E8707394-7AFA-404E-B138-2ED1ED0E8036} = {2C8A9613-3AC4-4AB7-A158-6CDF7DF5A11A}
		{A285721A-1966-4932-A3BE-F5609977ED3A} = {2C8A9613-3AC4-4AB7-A158-6CDF7DF5A11A}
		{C607526A-1F62-4423-935D-70E9540DA01D} = {2C8A9613-3AC4-4AB7-A158-6CDF7DF5A11A}
	EndGlobalSection
EndGlobal
