
Microsoft Visual Studio Solution File, Format Version 12.00
# Visual Studio 2013
VisualStudioVersion = 12.0.21005.1
MinimumVisualStudioVersion = 10.0.40219.1
Project("{2150E333-8FDC-42A3-9474-1A3956D46DE8}") = "01UI", "01UI", "{9574F9D8-89D1-46B6-88F8-58D4909DF031}"
EndProject
Project("{2150E333-8FDC-42A3-9474-1A3956D46DE8}") = "02Service", "02Service", "{03F730E3-50ED-4A5A-8F00-E148ADAB89CD}"
EndProject
Project("{2150E333-8FDC-42A3-9474-1A3956D46DE8}") = "03Res", "03Res", "{459C2EE1-ABF1-4A2E-AF37-CE314729907A}"
EndProject
Project("{2150E333-8FDC-42A3-9474-1A3956D46DE8}") = "04Common", "04Common", "{8EDB3775-9B0D-4939-A1E8-48E26F5E161C}"
EndProject
Project("{FAE04EC0-301F-11D3-BF4B-00C04F79EFBC}") = "CRM11.UI", "CRM11.UI\CRM11.UI.csproj", "{D6DE1835-4E38-4DB8-8647-3DEDA36811C5}"
EndProject
Project("{FAE04EC0-301F-11D3-BF4B-00C04F79EFBC}") = "CRM11.MODEL", "CRM11.MODEL\CRM11.MODEL.csproj", "{24004B3E-B689-45BC-B95A-6E540F713E6C}"
EndProject
Project("{FAE04EC0-301F-11D3-BF4B-00C04F79EFBC}") = "CRM11.IRespository", "CRM11.IRespository\CRM11.IRespository.csproj", "{895706B0-5125-4CA0-AE69-BE36E6CD97FC}"
EndProject
Project("{FAE04EC0-301F-11D3-BF4B-00C04F79EFBC}") = "CRM11.Respository", "CRM11.Respository\CRM11.Respository.csproj", "{2DBA93DE-964C-40EB-B747-AAC478751851}"
EndProject
Project("{FAE04EC0-301F-11D3-BF4B-00C04F79EFBC}") = "CRM11.IService", "CRM11.IService\CRM11.IService.csproj", "{34F9340E-AC26-4A98-AF6C-0B25E676ECA8}"
EndProject
Project("{FAE04EC0-301F-11D3-BF4B-00C04F79EFBC}") = "CRM11.Service", "CRM11.Service\CRM11.Service.csproj", "{F2D3AA3A-B921-437D-B8E2-DB59681046BE}"
EndProject
Project("{2150E333-8FDC-42A3-9474-1A3956D46DE8}") = "05Test", "05Test", "{A5272D1A-ED55-4319-890A-ED414587F498}"
EndProject
Project("{FAE04EC0-301F-11D3-BF4B-00C04F79EFBC}") = "TestSpring.net", "TestSpring.net\TestSpring.net.csproj", "{664D8610-CE28-4FA7-8D8B-04A1A243696B}"
EndProject
Project("{2150E333-8FDC-42A3-9474-1A3956D46DE8}") = "00Schemal", "00Schemal", "{B91553F2-2AB2-49C2-8296-0326A874D329}"
	ProjectSection(SolutionItems) = preProject
		libs\spring.net\spring-objects-1.3.xsd = libs\spring.net\spring-objects-1.3.xsd
	EndProjectSection
EndProject
Project("{FAE04EC0-301F-11D3-BF4B-00C04F79EFBC}") = "CRM11.Utility", "CRM11.Utility\CRM11.Utility.csproj", "{370424CF-B584-4B4C-8287-A5A5D2B4D868}"
EndProject
Global
	GlobalSection(SolutionConfigurationPlatforms) = preSolution
		Debug|Any CPU = Debug|Any CPU
		Release|Any CPU = Release|Any CPU
	EndGlobalSection
	GlobalSection(ProjectConfigurationPlatforms) = postSolution
		{D6DE1835-4E38-4DB8-8647-3DEDA36811C5}.Debug|Any CPU.ActiveCfg = Debug|Any CPU
		{D6DE1835-4E38-4DB8-8647-3DEDA36811C5}.Debug|Any CPU.Build.0 = Debug|Any CPU
		{D6DE1835-4E38-4DB8-8647-3DEDA36811C5}.Release|Any CPU.ActiveCfg = Release|Any CPU
		{D6DE1835-4E38-4DB8-8647-3DEDA36811C5}.Release|Any CPU.Build.0 = Release|Any CPU
		{24004B3E-B689-45BC-B95A-6E540F713E6C}.Debug|Any CPU.ActiveCfg = Debug|Any CPU
		{24004B3E-B689-45BC-B95A-6E540F713E6C}.Debug|Any CPU.Build.0 = Debug|Any CPU
		{24004B3E-B689-45BC-B95A-6E540F713E6C}.Release|Any CPU.ActiveCfg = Release|Any CPU
		{24004B3E-B689-45BC-B95A-6E540F713E6C}.Release|Any CPU.Build.0 = Release|Any CPU
		{895706B0-5125-4CA0-AE69-BE36E6CD97FC}.Debug|Any CPU.ActiveCfg = Debug|Any CPU
		{895706B0-5125-4CA0-AE69-BE36E6CD97FC}.Debug|Any CPU.Build.0 = Debug|Any CPU
		{895706B0-5125-4CA0-AE69-BE36E6CD97FC}.Release|Any CPU.ActiveCfg = Release|Any CPU
		{895706B0-5125-4CA0-AE69-BE36E6CD97FC}.Release|Any CPU.Build.0 = Release|Any CPU
		{2DBA93DE-964C-40EB-B747-AAC478751851}.Debug|Any CPU.ActiveCfg = Debug|Any CPU
		{2DBA93DE-964C-40EB-B747-AAC478751851}.Debug|Any CPU.Build.0 = Debug|Any CPU
		{2DBA93DE-964C-40EB-B747-AAC478751851}.Release|Any CPU.ActiveCfg = Release|Any CPU
		{2DBA93DE-964C-40EB-B747-AAC478751851}.Release|Any CPU.Build.0 = Release|Any CPU
		{34F9340E-AC26-4A98-AF6C-0B25E676ECA8}.Debug|Any CPU.ActiveCfg = Debug|Any CPU
		{34F9340E-AC26-4A98-AF6C-0B25E676ECA8}.Debug|Any CPU.Build.0 = Debug|Any CPU
		{34F9340E-AC26-4A98-AF6C-0B25E676ECA8}.Release|Any CPU.ActiveCfg = Release|Any CPU
		{34F9340E-AC26-4A98-AF6C-0B25E676ECA8}.Release|Any CPU.Build.0 = Release|Any CPU
		{F2D3AA3A-B921-437D-B8E2-DB59681046BE}.Debug|Any CPU.ActiveCfg = Debug|Any CPU
		{F2D3AA3A-B921-437D-B8E2-DB59681046BE}.Debug|Any CPU.Build.0 = Debug|Any CPU
		{F2D3AA3A-B921-437D-B8E2-DB59681046BE}.Release|Any CPU.ActiveCfg = Release|Any CPU
		{F2D3AA3A-B921-437D-B8E2-DB59681046BE}.Release|Any CPU.Build.0 = Release|Any CPU
		{664D8610-CE28-4FA7-8D8B-04A1A243696B}.Debug|Any CPU.ActiveCfg = Debug|Any CPU
		{664D8610-CE28-4FA7-8D8B-04A1A243696B}.Debug|Any CPU.Build.0 = Debug|Any CPU
		{664D8610-CE28-4FA7-8D8B-04A1A243696B}.Release|Any CPU.ActiveCfg = Release|Any CPU
		{664D8610-CE28-4FA7-8D8B-04A1A243696B}.Release|Any CPU.Build.0 = Release|Any CPU
		{370424CF-B584-4B4C-8287-A5A5D2B4D868}.Debug|Any CPU.ActiveCfg = Debug|Any CPU
		{370424CF-B584-4B4C-8287-A5A5D2B4D868}.Debug|Any CPU.Build.0 = Debug|Any CPU
		{370424CF-B584-4B4C-8287-A5A5D2B4D868}.Release|Any CPU.ActiveCfg = Release|Any CPU
		{370424CF-B584-4B4C-8287-A5A5D2B4D868}.Release|Any CPU.Build.0 = Release|Any CPU
	EndGlobalSection
	GlobalSection(SolutionProperties) = preSolution
		HideSolutionNode = FALSE
	EndGlobalSection
	GlobalSection(NestedProjects) = preSolution
		{D6DE1835-4E38-4DB8-8647-3DEDA36811C5} = {9574F9D8-89D1-46B6-88F8-58D4909DF031}
		{34F9340E-AC26-4A98-AF6C-0B25E676ECA8} = {03F730E3-50ED-4A5A-8F00-E148ADAB89CD}
		{F2D3AA3A-B921-437D-B8E2-DB59681046BE} = {03F730E3-50ED-4A5A-8F00-E148ADAB89CD}
		{895706B0-5125-4CA0-AE69-BE36E6CD97FC} = {459C2EE1-ABF1-4A2E-AF37-CE314729907A}
		{2DBA93DE-964C-40EB-B747-AAC478751851} = {459C2EE1-ABF1-4A2E-AF37-CE314729907A}
		{24004B3E-B689-45BC-B95A-6E540F713E6C} = {8EDB3775-9B0D-4939-A1E8-48E26F5E161C}
		{370424CF-B584-4B4C-8287-A5A5D2B4D868} = {8EDB3775-9B0D-4939-A1E8-48E26F5E161C}
		{664D8610-CE28-4FA7-8D8B-04A1A243696B} = {A5272D1A-ED55-4319-890A-ED414587F498}
	EndGlobalSection
EndGlobal
